
Microsoft Visual Studio Solution File, Format Version 12.00
# Visual Studio Version 16
VisualStudioVersion = 16.0.30611.23
MinimumVisualStudioVersion = 10.0.40219.1
Project("{FAE04EC0-301F-11D3-BF4B-00C04F79EFBC}") = "FileEncryptor", "FileEncryptor\FileEncryptor.csproj", "{EAE3373A-411E-4773-A2C6-CC6BD06E27E2}"
EndProject
Global
	GlobalSection(SolutionConfigurationPlatforms) = preSolution
		Debug|Any CPU = Debug|Any CPU
		Release|Any CPU = Release|Any CPU
	EndGlobalSection
	GlobalSection(ProjectConfigurationPlatforms) = postSolution
		{EAE3373A-411E-4773-A2C6-CC6BD06E27E2}.Debug|Any CPU.ActiveCfg = Debug|Any CPU
		{EAE3373A-411E-4773-A2C6-CC6BD06E27E2}.Debug|Any CPU.Build.0 = Debug|Any CPU
		{EAE3373A-411E-4773-A2C6-CC6BD06E27E2}.Release|Any CPU.ActiveCfg = Release|Any CPU
		{EAE3373A-411E-4773-A2C6-CC6BD06E27E2}.Release|Any CPU.Build.0 = Release|Any CPU
	EndGlobalSection
	GlobalSection(SolutionProperties) = preSolution
		HideSolutionNode = FALSE
	EndGlobalSection
	GlobalSection(ExtensibilityGlobals) = postSolution
		SolutionGuid = {DE209A1A-D729-4909-AFA3-8D92C6BF574F}
	EndGlobalSection
EndGlobal
